
Microsoft Visual Studio Solution File, Format Version 12.00
# Visual Studio Version 17
VisualStudioVersion = 17.3.32811.315
MinimumVisualStudioVersion = 10.0.40219.1
Project("{FAE04EC0-301F-11D3-BF4B-00C04F79EFBC}") = "Vision.Services", "Vision.Services\Vision.Services.csproj", "{FC2612E8-FF75-4B65-B3CF-1361ED40C98E}"
EndProject
Project("{FAE04EC0-301F-11D3-BF4B-00C04F79EFBC}") = "Vision.GUI", "Vision.GUI\Vision.GUI.csproj", "{88FB770B-BD3B-4647-8426-EA89BCDC99A0}"
EndProject
Global
	GlobalSection(SolutionConfigurationPlatforms) = preSolution
		Debug|Any CPU = Debug|Any CPU
		Release|Any CPU = Release|Any CPU
	EndGlobalSection
	GlobalSection(ProjectConfigurationPlatforms) = postSolution
		{FC2612E8-FF75-4B65-B3CF-1361ED40C98E}.Debug|Any CPU.ActiveCfg = Debug|Any CPU
		{FC2612E8-FF75-4B65-B3CF-1361ED40C98E}.Debug|Any CPU.Build.0 = Debug|Any CPU
		{FC2612E8-FF75-4B65-B3CF-1361ED40C98E}.Release|Any CPU.ActiveCfg = Release|Any CPU
		{FC2612E8-FF75-4B65-B3CF-1361ED40C98E}.Release|Any CPU.Build.0 = Release|Any CPU
		{88FB770B-BD3B-4647-8426-EA89BCDC99A0}.Debug|Any CPU.ActiveCfg = Debug|Any CPU
		{88FB770B-BD3B-4647-8426-EA89BCDC99A0}.Debug|Any CPU.Build.0 = Debug|Any CPU
		{88FB770B-BD3B-4647-8426-EA89BCDC99A0}.Release|Any CPU.ActiveCfg = Release|Any CPU
		{88FB770B-BD3B-4647-8426-EA89BCDC99A0}.Release|Any CPU.Build.0 = Release|Any CPU
	EndGlobalSection
	GlobalSection(SolutionProperties) = preSolution
		HideSolutionNode = FALSE
	EndGlobalSection
	GlobalSection(ExtensibilityGlobals) = postSolution
		SolutionGuid = {B55DCA9C-8CA7-4E63-943D-F4066FA483E9}
	EndGlobalSection
EndGlobal
